// !$*UTF8*$!
{
	archiveVersion = 1;
	classes = {
	};
	objectVersion = 48;
	objects = {

/* Begin PBXBuildFile section */
		062AC56BE4654F0F30A31DA3 /* Pods_LitePay2.framework in Frameworks */ = {isa = PBXBuildFile; fileRef = 5C69E4CB41F2AAEFCF78117E /* Pods_LitePay2.framework */; settings = {ATTRIBUTES = (Weak, ); }; };
		63125FA02085F0ED002CB768 /* CurrencyRateTests.swift in Sources */ = {isa = PBXBuildFile; fileRef = 63125F9F2085F0ED002CB768 /* CurrencyRateTests.swift */; };
		6335EC322068FD63000AA244 /* SelectAccountViewController.swift in Sources */ = {isa = PBXBuildFile; fileRef = 6335EC312068FD63000AA244 /* SelectAccountViewController.swift */; };
		6335EC3420690E9E000AA244 /* AccountsCell.swift in Sources */ = {isa = PBXBuildFile; fileRef = 6335EC3320690E9E000AA244 /* AccountsCell.swift */; };
		6335EC36206A2527000AA244 /* HeaderCurrencyCell.swift in Sources */ = {isa = PBXBuildFile; fileRef = 6335EC35206A2527000AA244 /* HeaderCurrencyCell.swift */; };
		63644AD42074F3AF00C89823 /* CurrencyRateViewController.swift in Sources */ = {isa = PBXBuildFile; fileRef = 63644AD32074F3AF00C89823 /* CurrencyRateViewController.swift */; };
		6387C3852076466E000048F4 /* CurrencyRate.swift in Sources */ = {isa = PBXBuildFile; fileRef = 6387C3842076466E000048F4 /* CurrencyRate.swift */; };
		63B9BCBC207B7E34006EBA6E /* Assets.xcassets in Resources */ = {isa = PBXBuildFile; fileRef = 63B9BCBB207B7E33006EBA6E /* Assets.xcassets */; };
		63C6C50A2047E3EF00A023D5 /* LoginViewController.swift in Sources */ = {isa = PBXBuildFile; fileRef = 63C6C5092047E3EF00A023D5 /* LoginViewController.swift */; };
		63C6C50C2047E88400A023D5 /* QRCodeViewController.swift in Sources */ = {isa = PBXBuildFile; fileRef = 63C6C50B2047E88400A023D5 /* QRCodeViewController.swift */; };
		63C6C5102047FB9400A023D5 /* QRCodeReaderViewController.swift in Sources */ = {isa = PBXBuildFile; fileRef = 63C6C50F2047FB9400A023D5 /* QRCodeReaderViewController.swift */; };
		63C7ED3E20517CF9005B5B16 /* LitePayData.swift in Sources */ = {isa = PBXBuildFile; fileRef = 63C7ED3D20517CF9005B5B16 /* LitePayData.swift */; };
		63F17B412046B41400538D2E /* AppDelegate.swift in Sources */ = {isa = PBXBuildFile; fileRef = 63F17B402046B41400538D2E /* AppDelegate.swift */; };
		63F17B462046B41400538D2E /* Main.storyboard in Resources */ = {isa = PBXBuildFile; fileRef = 63F17B442046B41400538D2E /* Main.storyboard */; };
		63F17B4B2046B41400538D2E /* LaunchScreen.storyboard in Resources */ = {isa = PBXBuildFile; fileRef = 63F17B492046B41400538D2E /* LaunchScreen.storyboard */; };
		63F17B562046BDAD00538D2E /* Currency.swift in Sources */ = {isa = PBXBuildFile; fileRef = 63F17B552046BDAD00538D2E /* Currency.swift */; };
		63F17B592046C24900538D2E /* KoersCell.swift in Sources */ = {isa = PBXBuildFile; fileRef = 63F17B582046C24900538D2E /* KoersCell.swift */; };
		63F17B5E2046F21500538D2E /* HomeViewController.swift in Sources */ = {isa = PBXBuildFile; fileRef = 63F17B5D2046F21500538D2E /* HomeViewController.swift */; };
		63F17B602046F65200538D2E /* PayViewController.swift in Sources */ = {isa = PBXBuildFile; fileRef = 63F17B5F2046F65200538D2E /* PayViewController.swift */; };
		63F17B62204731DD00538D2E /* ChangePincodeViewController.swift in Sources */ = {isa = PBXBuildFile; fileRef = 63F17B61204731DD00538D2E /* ChangePincodeViewController.swift */; };
		63F17B64204738D400538D2E /* ConfirmPaymentViewController.swift in Sources */ = {isa = PBXBuildFile; fileRef = 63F17B63204738D400538D2E /* ConfirmPaymentViewController.swift */; };
		63F17B6620473E6F00538D2E /* SettingsViewController.swift in Sources */ = {isa = PBXBuildFile; fileRef = 63F17B6520473E6F00538D2E /* SettingsViewController.swift */; };
		63F9B1FC204D8EA100BDC6D6 /* coinbase_official.framework in Frameworks */ = {isa = PBXBuildFile; fileRef = 63F9B1FD204D8EA100BDC6D6 /* coinbase_official.framework */; settings = {ATTRIBUTES = (Required, ); }; };
		63F9B200204D8FE000BDC6D6 /* CoinbaseAPIService.swift in Sources */ = {isa = PBXBuildFile; fileRef = 63F9B1FF204D8FE000BDC6D6 /* CoinbaseAPIService.swift */; };
		B85D84AA8FD21D7FC1398C1A /* Pods_LitePay2Tests.framework in Frameworks */ = {isa = PBXBuildFile; fileRef = DF30180EFB6B1EE9E7A9A6E2 /* Pods_LitePay2Tests.framework */; };
/* End PBXBuildFile section */

/* Begin PBXContainerItemProxy section */
		63125F9A2085F05D002CB768 /* PBXContainerItemProxy */ = {
			isa = PBXContainerItemProxy;
			containerPortal = 63F17B352046B41400538D2E /* Project object */;
			proxyType = 1;
			remoteGlobalIDString = 63F17B3C2046B41400538D2E;
			remoteInfo = LitePay2;
		};
/* End PBXContainerItemProxy section */

/* Begin PBXFileReference section */
		36B91C1FE192C61CB3B9BF34 /* Pods-LitePay2Tests.debug.xcconfig */ = {isa = PBXFileReference; includeInIndex = 1; lastKnownFileType = text.xcconfig; name = "Pods-LitePay2Tests.debug.xcconfig"; path = "Pods/Target Support Files/Pods-LitePay2Tests/Pods-LitePay2Tests.debug.xcconfig"; sourceTree = "<group>"; };
		3D688C7C2A8C913AC8461DF4 /* Pods-LitePay2.release.xcconfig */ = {isa = PBXFileReference; includeInIndex = 1; lastKnownFileType = text.xcconfig; name = "Pods-LitePay2.release.xcconfig"; path = "Pods/Target Support Files/Pods-LitePay2/Pods-LitePay2.release.xcconfig"; sourceTree = "<group>"; };
		5C69E4CB41F2AAEFCF78117E /* Pods_LitePay2.framework */ = {isa = PBXFileReference; explicitFileType = wrapper.framework; includeInIndex = 0; path = Pods_LitePay2.framework; sourceTree = BUILT_PRODUCTS_DIR; };
		63125F952085F05D002CB768 /* LitePay2Tests.xctest */ = {isa = PBXFileReference; explicitFileType = wrapper.cfbundle; includeInIndex = 0; path = LitePay2Tests.xctest; sourceTree = BUILT_PRODUCTS_DIR; };
		63125F992085F05D002CB768 /* Info.plist */ = {isa = PBXFileReference; lastKnownFileType = text.plist.xml; path = Info.plist; sourceTree = "<group>"; };
		63125F9F2085F0ED002CB768 /* CurrencyRateTests.swift */ = {isa = PBXFileReference; lastKnownFileType = sourcecode.swift; path = CurrencyRateTests.swift; sourceTree = "<group>"; };
		6335EC312068FD63000AA244 /* SelectAccountViewController.swift */ = {isa = PBXFileReference; lastKnownFileType = sourcecode.swift; path = SelectAccountViewController.swift; sourceTree = "<group>"; };
		6335EC3320690E9E000AA244 /* AccountsCell.swift */ = {isa = PBXFileReference; lastKnownFileType = sourcecode.swift; path = AccountsCell.swift; sourceTree = "<group>"; };
		6335EC35206A2527000AA244 /* HeaderCurrencyCell.swift */ = {isa = PBXFileReference; lastKnownFileType = sourcecode.swift; path = HeaderCurrencyCell.swift; sourceTree = "<group>"; };
		63644AD32074F3AF00C89823 /* CurrencyRateViewController.swift */ = {isa = PBXFileReference; lastKnownFileType = sourcecode.swift; path = CurrencyRateViewController.swift; sourceTree = "<group>"; };
		6387C3842076466E000048F4 /* CurrencyRate.swift */ = {isa = PBXFileReference; lastKnownFileType = sourcecode.swift; path = CurrencyRate.swift; sourceTree = "<group>"; };
		63B9BCBB207B7E33006EBA6E /* Assets.xcassets */ = {isa = PBXFileReference; lastKnownFileType = folder.assetcatalog; path = Assets.xcassets; sourceTree = "<group>"; };
		63C6C5092047E3EF00A023D5 /* LoginViewController.swift */ = {isa = PBXFileReference; lastKnownFileType = sourcecode.swift; path = LoginViewController.swift; sourceTree = "<group>"; };
		63C6C50B2047E88400A023D5 /* QRCodeViewController.swift */ = {isa = PBXFileReference; lastKnownFileType = sourcecode.swift; path = QRCodeViewController.swift; sourceTree = "<group>"; };
		63C6C50F2047FB9400A023D5 /* QRCodeReaderViewController.swift */ = {isa = PBXFileReference; lastKnownFileType = sourcecode.swift; path = QRCodeReaderViewController.swift; sourceTree = "<group>"; };
		63C7ED3D20517CF9005B5B16 /* LitePayData.swift */ = {isa = PBXFileReference; lastKnownFileType = sourcecode.swift; path = LitePayData.swift; sourceTree = "<group>"; };
		63F17B3D2046B41400538D2E /* LitePay2.app */ = {isa = PBXFileReference; explicitFileType = wrapper.application; includeInIndex = 0; path = LitePay2.app; sourceTree = BUILT_PRODUCTS_DIR; };
		63F17B402046B41400538D2E /* AppDelegate.swift */ = {isa = PBXFileReference; lastKnownFileType = sourcecode.swift; path = AppDelegate.swift; sourceTree = "<group>"; };
		63F17B452046B41400538D2E /* Base */ = {isa = PBXFileReference; lastKnownFileType = file.storyboard; name = Base; path = Base.lproj/Main.storyboard; sourceTree = "<group>"; };
		63F17B4A2046B41400538D2E /* Base */ = {isa = PBXFileReference; lastKnownFileType = file.storyboard; name = Base; path = Base.lproj/LaunchScreen.storyboard; sourceTree = "<group>"; };
		63F17B4C2046B41400538D2E /* Info.plist */ = {isa = PBXFileReference; lastKnownFileType = text.plist.xml; path = Info.plist; sourceTree = "<group>"; };
		63F17B552046BDAD00538D2E /* Currency.swift */ = {isa = PBXFileReference; lastKnownFileType = sourcecode.swift; path = Currency.swift; sourceTree = "<group>"; };
		63F17B582046C24900538D2E /* KoersCell.swift */ = {isa = PBXFileReference; lastKnownFileType = sourcecode.swift; path = KoersCell.swift; sourceTree = "<group>"; };
		63F17B5D2046F21500538D2E /* HomeViewController.swift */ = {isa = PBXFileReference; lastKnownFileType = sourcecode.swift; path = HomeViewController.swift; sourceTree = "<group>"; };
		63F17B5F2046F65200538D2E /* PayViewController.swift */ = {isa = PBXFileReference; lastKnownFileType = sourcecode.swift; path = PayViewController.swift; sourceTree = "<group>"; };
		63F17B61204731DD00538D2E /* ChangePincodeViewController.swift */ = {isa = PBXFileReference; lastKnownFileType = sourcecode.swift; path = ChangePincodeViewController.swift; sourceTree = "<group>"; };
		63F17B63204738D400538D2E /* ConfirmPaymentViewController.swift */ = {isa = PBXFileReference; lastKnownFileType = sourcecode.swift; path = ConfirmPaymentViewController.swift; sourceTree = "<group>"; };
		63F17B6520473E6F00538D2E /* SettingsViewController.swift */ = {isa = PBXFileReference; lastKnownFileType = sourcecode.swift; path = SettingsViewController.swift; sourceTree = "<group>"; };
		63F9B1FD204D8EA100BDC6D6 /* coinbase_official.framework */ = {isa = PBXFileReference; explicitFileType = wrapper.framework; path = coinbase_official.framework; sourceTree = BUILT_PRODUCTS_DIR; };
		63F9B1FF204D8FE000BDC6D6 /* CoinbaseAPIService.swift */ = {isa = PBXFileReference; lastKnownFileType = sourcecode.swift; path = CoinbaseAPIService.swift; sourceTree = "<group>"; };
		D270DE2929C893B65858B5F3 /* Pods-LitePay2.debug.xcconfig */ = {isa = PBXFileReference; includeInIndex = 1; lastKnownFileType = text.xcconfig; name = "Pods-LitePay2.debug.xcconfig"; path = "Pods/Target Support Files/Pods-LitePay2/Pods-LitePay2.debug.xcconfig"; sourceTree = "<group>"; };
		DF30180EFB6B1EE9E7A9A6E2 /* Pods_LitePay2Tests.framework */ = {isa = PBXFileReference; explicitFileType = wrapper.framework; includeInIndex = 0; path = Pods_LitePay2Tests.framework; sourceTree = BUILT_PRODUCTS_DIR; };
		F5B64800F5D01B4B85B1BF16 /* Pods-LitePay2Tests.release.xcconfig */ = {isa = PBXFileReference; includeInIndex = 1; lastKnownFileType = text.xcconfig; name = "Pods-LitePay2Tests.release.xcconfig"; path = "Pods/Target Support Files/Pods-LitePay2Tests/Pods-LitePay2Tests.release.xcconfig"; sourceTree = "<group>"; };
/* End PBXFileReference section */

/* Begin PBXFrameworksBuildPhase section */
		63125F922085F05D002CB768 /* Frameworks */ = {
			isa = PBXFrameworksBuildPhase;
			buildActionMask = 2147483647;
			files = (
				B85D84AA8FD21D7FC1398C1A /* Pods_LitePay2Tests.framework in Frameworks */,
			);
			runOnlyForDeploymentPostprocessing = 0;
		};
		63F17B3A2046B41400538D2E /* Frameworks */ = {
			isa = PBXFrameworksBuildPhase;
			buildActionMask = 2147483647;
			files = (
				63F9B1FC204D8EA100BDC6D6 /* coinbase_official.framework in Frameworks */,
				062AC56BE4654F0F30A31DA3 /* Pods_LitePay2.framework in Frameworks */,
			);
			runOnlyForDeploymentPostprocessing = 0;
		};
/* End PBXFrameworksBuildPhase section */

/* Begin PBXGroup section */
		63125F962085F05D002CB768 /* LitePay2Tests */ = {
			isa = PBXGroup;
			children = (
				63125F992085F05D002CB768 /* Info.plist */,
				63125F9F2085F0ED002CB768 /* CurrencyRateTests.swift */,
			);
			path = LitePay2Tests;
			sourceTree = "<group>";
		};
		63F17B342046B41400538D2E = {
			isa = PBXGroup;
			children = (
				63F17B3F2046B41400538D2E /* LitePay2 */,
				63125F962085F05D002CB768 /* LitePay2Tests */,
				63F17B3E2046B41400538D2E /* Products */,
				D665C344138A994442DCAD00 /* Pods */,
				D38DEDEA07CA129CB86DFF32 /* Frameworks */,
			);
			sourceTree = "<group>";
		};
		63F17B3E2046B41400538D2E /* Products */ = {
			isa = PBXGroup;
			children = (
				63F17B3D2046B41400538D2E /* LitePay2.app */,
				63125F952085F05D002CB768 /* LitePay2Tests.xctest */,
			);
			name = Products;
			sourceTree = "<group>";
		};
		63F17B3F2046B41400538D2E /* LitePay2 */ = {
			isa = PBXGroup;
			children = (
				63F17B402046B41400538D2E /* AppDelegate.swift */,
				63B9BCBB207B7E33006EBA6E /* Assets.xcassets */,
				63F17B4C2046B41400538D2E /* Info.plist */,
				63F17B492046B41400538D2E /* LaunchScreen.storyboard */,
				63F17B442046B41400538D2E /* Main.storyboard */,
				63F17B522046BC7C00538D2E /* Model */,
				63F9B1FE204D8FC000BDC6D6 /* Services */,
				63F17B5A2046E33B00538D2E /* ViewControllers */,
				63F17B572046C21F00538D2E /* Views */,
			);
			path = LitePay2;
			sourceTree = "<group>";
		};
		63F17B522046BC7C00538D2E /* Model */ = {
			isa = PBXGroup;
			children = (
				63F17B552046BDAD00538D2E /* Currency.swift */,
				6387C3842076466E000048F4 /* CurrencyRate.swift */,
			);
			path = Model;
			sourceTree = "<group>";
		};
		63F17B572046C21F00538D2E /* Views */ = {
			isa = PBXGroup;
			children = (
				63F17B582046C24900538D2E /* KoersCell.swift */,
				6335EC3320690E9E000AA244 /* AccountsCell.swift */,
				6335EC35206A2527000AA244 /* HeaderCurrencyCell.swift */,
			);
			path = Views;
			sourceTree = "<group>";
		};
		63F17B5A2046E33B00538D2E /* ViewControllers */ = {
			isa = PBXGroup;
			children = (
				63F17B61204731DD00538D2E /* ChangePincodeViewController.swift */,
				63F17B63204738D400538D2E /* ConfirmPaymentViewController.swift */,
				63644AD32074F3AF00C89823 /* CurrencyRateViewController.swift */,
				63F17B5D2046F21500538D2E /* HomeViewController.swift */,
				63C6C5092047E3EF00A023D5 /* LoginViewController.swift */,
				63F17B5F2046F65200538D2E /* PayViewController.swift */,
				63C6C50B2047E88400A023D5 /* QRCodeViewController.swift */,
				63C6C50F2047FB9400A023D5 /* QRCodeReaderViewController.swift */,
				6335EC312068FD63000AA244 /* SelectAccountViewController.swift */,
				63F17B6520473E6F00538D2E /* SettingsViewController.swift */,
			);
			path = ViewControllers;
			sourceTree = "<group>";
		};
		63F9B1FE204D8FC000BDC6D6 /* Services */ = {
			isa = PBXGroup;
			children = (
				63F9B1FF204D8FE000BDC6D6 /* CoinbaseAPIService.swift */,
				63C7ED3D20517CF9005B5B16 /* LitePayData.swift */,
			);
			path = Services;
			sourceTree = "<group>";
		};
		D38DEDEA07CA129CB86DFF32 /* Frameworks */ = {
			isa = PBXGroup;
			children = (
				63F9B1FD204D8EA100BDC6D6 /* coinbase_official.framework */,
				5C69E4CB41F2AAEFCF78117E /* Pods_LitePay2.framework */,
				DF30180EFB6B1EE9E7A9A6E2 /* Pods_LitePay2Tests.framework */,
			);
			name = Frameworks;
			sourceTree = "<group>";
		};
		D665C344138A994442DCAD00 /* Pods */ = {
			isa = PBXGroup;
			children = (
				D270DE2929C893B65858B5F3 /* Pods-LitePay2.debug.xcconfig */,
				3D688C7C2A8C913AC8461DF4 /* Pods-LitePay2.release.xcconfig */,
				36B91C1FE192C61CB3B9BF34 /* Pods-LitePay2Tests.debug.xcconfig */,
				F5B64800F5D01B4B85B1BF16 /* Pods-LitePay2Tests.release.xcconfig */,
			);
			name = Pods;
			sourceTree = "<group>";
		};
/* End PBXGroup section */

/* Begin PBXNativeTarget section */
		63125F942085F05D002CB768 /* LitePay2Tests */ = {
			isa = PBXNativeTarget;
			buildConfigurationList = 63125F9C2085F05D002CB768 /* Build configuration list for PBXNativeTarget "LitePay2Tests" */;
			buildPhases = (
				C9DAB99737BB361F51EDCD4E /* [CP] Check Pods Manifest.lock */,
				63125F912085F05D002CB768 /* Sources */,
				63125F922085F05D002CB768 /* Frameworks */,
				63125F932085F05D002CB768 /* Resources */,
				C4AB08E7277FC087DE6B7DD5 /* [CP] Embed Pods Frameworks */,
				A48DD1AE6D9F20765BDD02C0 /* [CP] Copy Pods Resources */,
			);
			buildRules = (
			);
			dependencies = (
				63125F9B2085F05D002CB768 /* PBXTargetDependency */,
			);
			name = LitePay2Tests;
			productName = LitePay2Tests;
			productReference = 63125F952085F05D002CB768 /* LitePay2Tests.xctest */;
			productType = "com.apple.product-type.bundle.unit-test";
		};
		63F17B3C2046B41400538D2E /* LitePay2 */ = {
			isa = PBXNativeTarget;
			buildConfigurationList = 63F17B4F2046B41400538D2E /* Build configuration list for PBXNativeTarget "LitePay2" */;
			buildPhases = (
				6883808520263A28FCC9DB86 /* [CP] Check Pods Manifest.lock */,
				63F17B392046B41400538D2E /* Sources */,
				63F17B3A2046B41400538D2E /* Frameworks */,
				63F17B3B2046B41400538D2E /* Resources */,
				CD437586F7EC2E1168D35116 /* [CP] Embed Pods Frameworks */,
				E9401876413BE55B537B538B /* [CP] Copy Pods Resources */,
			);
			buildRules = (
			);
			dependencies = (
			);
			name = LitePay2;
			productName = LitePay2;
			productReference = 63F17B3D2046B41400538D2E /* LitePay2.app */;
			productType = "com.apple.product-type.application";
		};
/* End PBXNativeTarget section */

/* Begin PBXProject section */
		63F17B352046B41400538D2E /* Project object */ = {
			isa = PBXProject;
			attributes = {
				LastSwiftUpdateCheck = 0920;
				LastUpgradeCheck = 0920;
				ORGANIZATIONNAME = "Dimmy Maenhout";
				TargetAttributes = {
					63125F942085F05D002CB768 = {
						CreatedOnToolsVersion = 9.2;
						LastSwiftMigration = 0920;
						ProvisioningStyle = Automatic;
						TestTargetID = 63F17B3C2046B41400538D2E;
					};
					63F17B3C2046B41400538D2E = {
						CreatedOnToolsVersion = 9.2;
						ProvisioningStyle = Automatic;
					};
				};
			};
			buildConfigurationList = 63F17B382046B41400538D2E /* Build configuration list for PBXProject "LitePay2" */;
			compatibilityVersion = "Xcode 8.0";
			developmentRegion = en;
			hasScannedForEncodings = 0;
			knownRegions = (
				en,
				Base,
			);
			mainGroup = 63F17B342046B41400538D2E;
			productRefGroup = 63F17B3E2046B41400538D2E /* Products */;
			projectDirPath = "";
			projectRoot = "";
			targets = (
				63F17B3C2046B41400538D2E /* LitePay2 */,
				63125F942085F05D002CB768 /* LitePay2Tests */,
			);
		};
/* End PBXProject section */

/* Begin PBXResourcesBuildPhase section */
		63125F932085F05D002CB768 /* Resources */ = {
			isa = PBXResourcesBuildPhase;
			buildActionMask = 2147483647;
			files = (
			);
			runOnlyForDeploymentPostprocessing = 0;
		};
		63F17B3B2046B41400538D2E /* Resources */ = {
			isa = PBXResourcesBuildPhase;
			buildActionMask = 2147483647;
			files = (
				63F17B4B2046B41400538D2E /* LaunchScreen.storyboard in Resources */,
				63B9BCBC207B7E34006EBA6E /* Assets.xcassets in Resources */,
				63F17B462046B41400538D2E /* Main.storyboard in Resources */,
			);
			runOnlyForDeploymentPostprocessing = 0;
		};
/* End PBXResourcesBuildPhase section */

/* Begin PBXShellScriptBuildPhase section */
		6883808520263A28FCC9DB86 /* [CP] Check Pods Manifest.lock */ = {
			isa = PBXShellScriptBuildPhase;
			buildActionMask = 2147483647;
			files = (
			);
			inputPaths = (
				"${PODS_PODFILE_DIR_PATH}/Podfile.lock",
				"${PODS_ROOT}/Manifest.lock",
			);
			name = "[CP] Check Pods Manifest.lock";
			outputPaths = (
				"$(DERIVED_FILE_DIR)/Pods-LitePay2-checkManifestLockResult.txt",
			);
			runOnlyForDeploymentPostprocessing = 0;
			shellPath = /bin/sh;
			shellScript = "diff \"${PODS_PODFILE_DIR_PATH}/Podfile.lock\" \"${PODS_ROOT}/Manifest.lock\" > /dev/null\nif [ $? != 0 ] ; then\n    # print error to STDERR\n    echo \"error: The sandbox is not in sync with the Podfile.lock. Run 'pod install' or update your CocoaPods installation.\" >&2\n    exit 1\nfi\n# This output is used by Xcode 'outputs' to avoid re-running this script phase.\necho \"SUCCESS\" > \"${SCRIPT_OUTPUT_FILE_0}\"\n";
			showEnvVarsInLog = 0;
		};
		A48DD1AE6D9F20765BDD02C0 /* [CP] Copy Pods Resources */ = {
			isa = PBXShellScriptBuildPhase;
			buildActionMask = 2147483647;
			files = (
			);
			inputPaths = (
			);
			name = "[CP] Copy Pods Resources";
			outputPaths = (
			);
			runOnlyForDeploymentPostprocessing = 0;
			shellPath = /bin/sh;
			shellScript = "\"${SRCROOT}/Pods/Target Support Files/Pods-LitePay2Tests/Pods-LitePay2Tests-resources.sh\"\n";
			showEnvVarsInLog = 0;
		};
		C4AB08E7277FC087DE6B7DD5 /* [CP] Embed Pods Frameworks */ = {
			isa = PBXShellScriptBuildPhase;
			buildActionMask = 2147483647;
			files = (
			);
			inputPaths = (
				"${SRCROOT}/Pods/Target Support Files/Pods-LitePay2Tests/Pods-LitePay2Tests-frameworks.sh",
				"${BUILT_PRODUCTS_DIR}/Alamofire/Alamofire.framework",
				"${BUILT_PRODUCTS_DIR}/coinbase-official/coinbase_official.framework",
			);
			name = "[CP] Embed Pods Frameworks";
			outputPaths = (
				"${TARGET_BUILD_DIR}/${FRAMEWORKS_FOLDER_PATH}/Alamofire.framework",
				"${TARGET_BUILD_DIR}/${FRAMEWORKS_FOLDER_PATH}/coinbase_official.framework",
			);
			runOnlyForDeploymentPostprocessing = 0;
			shellPath = /bin/sh;
			shellScript = "\"${SRCROOT}/Pods/Target Support Files/Pods-LitePay2Tests/Pods-LitePay2Tests-frameworks.sh\"\n";
			showEnvVarsInLog = 0;
		};
		C9DAB99737BB361F51EDCD4E /* [CP] Check Pods Manifest.lock */ = {
			isa = PBXShellScriptBuildPhase;
			buildActionMask = 2147483647;
			files = (
			);
			inputPaths = (
				"${PODS_PODFILE_DIR_PATH}/Podfile.lock",
				"${PODS_ROOT}/Manifest.lock",
			);
			name = "[CP] Check Pods Manifest.lock";
			outputPaths = (
				"$(DERIVED_FILE_DIR)/Pods-LitePay2Tests-checkManifestLockResult.txt",
			);
			runOnlyForDeploymentPostprocessing = 0;
			shellPath = /bin/sh;
			shellScript = "diff \"${PODS_PODFILE_DIR_PATH}/Podfile.lock\" \"${PODS_ROOT}/Manifest.lock\" > /dev/null\nif [ $? != 0 ] ; then\n    # print error to STDERR\n    echo \"error: The sandbox is not in sync with the Podfile.lock. Run 'pod install' or update your CocoaPods installation.\" >&2\n    exit 1\nfi\n# This output is used by Xcode 'outputs' to avoid re-running this script phase.\necho \"SUCCESS\" > \"${SCRIPT_OUTPUT_FILE_0}\"\n";
			showEnvVarsInLog = 0;
		};
		CD437586F7EC2E1168D35116 /* [CP] Embed Pods Frameworks */ = {
			isa = PBXShellScriptBuildPhase;
			buildActionMask = 2147483647;
			files = (
			);
			inputPaths = (
				"${SRCROOT}/Pods/Target Support Files/Pods-LitePay2/Pods-LitePay2-frameworks.sh",
				"${BUILT_PRODUCTS_DIR}/Alamofire/Alamofire.framework",
				"${BUILT_PRODUCTS_DIR}/CryptoSwift/CryptoSwift.framework",
				"${BUILT_PRODUCTS_DIR}/coinbase-official/coinbase_official.framework",
			);
			name = "[CP] Embed Pods Frameworks";
			outputPaths = (
				"${TARGET_BUILD_DIR}/${FRAMEWORKS_FOLDER_PATH}/Alamofire.framework",
				"${TARGET_BUILD_DIR}/${FRAMEWORKS_FOLDER_PATH}/CryptoSwift.framework",
				"${TARGET_BUILD_DIR}/${FRAMEWORKS_FOLDER_PATH}/coinbase_official.framework",
			);
			runOnlyForDeploymentPostprocessing = 0;
			shellPath = /bin/sh;
			shellScript = "\"${SRCROOT}/Pods/Target Support Files/Pods-LitePay2/Pods-LitePay2-frameworks.sh\"\n";
			showEnvVarsInLog = 0;
		};
		E9401876413BE55B537B538B /* [CP] Copy Pods Resources */ = {
			isa = PBXShellScriptBuildPhase;
			buildActionMask = 2147483647;
			files = (
			);
			inputPaths = (
			);
			name = "[CP] Copy Pods Resources";
			outputPaths = (
			);
			runOnlyForDeploymentPostprocessing = 0;
			shellPath = /bin/sh;
			shellScript = "\"${SRCROOT}/Pods/Target Support Files/Pods-LitePay2/Pods-LitePay2-resources.sh\"\n";
			showEnvVarsInLog = 0;
		};
/* End PBXShellScriptBuildPhase section */

/* Begin PBXSourcesBuildPhase section */
		63125F912085F05D002CB768 /* Sources */ = {
			isa = PBXSourcesBuildPhase;
			buildActionMask = 2147483647;
			files = (
				63125FA02085F0ED002CB768 /* CurrencyRateTests.swift in Sources */,
			);
			runOnlyForDeploymentPostprocessing = 0;
		};
		63F17B392046B41400538D2E /* Sources */ = {
			isa = PBXSourcesBuildPhase;
			buildActionMask = 2147483647;
			files = (
				6335EC322068FD63000AA244 /* SelectAccountViewController.swift in Sources */,
				63F17B562046BDAD00538D2E /* Currency.swift in Sources */,
				63F17B62204731DD00538D2E /* ChangePincodeViewController.swift in Sources */,
				63644AD42074F3AF00C89823 /* CurrencyRateViewController.swift in Sources */,
				63F17B602046F65200538D2E /* PayViewController.swift in Sources */,
				63F17B6620473E6F00538D2E /* SettingsViewController.swift in Sources */,
				63F17B64204738D400538D2E /* ConfirmPaymentViewController.swift in Sources */,
				63C6C5102047FB9400A023D5 /* QRCodeReaderViewController.swift in Sources */,
				63C6C50C2047E88400A023D5 /* QRCodeViewController.swift in Sources */,
				63F9B200204D8FE000BDC6D6 /* CoinbaseAPIService.swift in Sources */,
				63F17B592046C24900538D2E /* KoersCell.swift in Sources */,
				63F17B412046B41400538D2E /* AppDelegate.swift in Sources */,
				6335EC36206A2527000AA244 /* HeaderCurrencyCell.swift in Sources */,
				63C6C50A2047E3EF00A023D5 /* LoginViewController.swift in Sources */,
				6335EC3420690E9E000AA244 /* AccountsCell.swift in Sources */,
				63C7ED3E20517CF9005B5B16 /* LitePayData.swift in Sources */,
				6387C3852076466E000048F4 /* CurrencyRate.swift in Sources */,
				63F17B5E2046F21500538D2E /* HomeViewController.swift in Sources */,
			);
			runOnlyForDeploymentPostprocessing = 0;
		};
/* End PBXSourcesBuildPhase section */

/* Begin PBXTargetDependency section */
		63125F9B2085F05D002CB768 /* PBXTargetDependency */ = {
			isa = PBXTargetDependency;
			target = 63F17B3C2046B41400538D2E /* LitePay2 */;
			targetProxy = 63125F9A2085F05D002CB768 /* PBXContainerItemProxy */;
		};
/* End PBXTargetDependency section */

/* Begin PBXVariantGroup section */
		63F17B442046B41400538D2E /* Main.storyboard */ = {
			isa = PBXVariantGroup;
			children = (
				63F17B452046B41400538D2E /* Base */,
			);
			name = Main.storyboard;
			sourceTree = "<group>";
		};
		63F17B492046B41400538D2E /* LaunchScreen.storyboard */ = {
			isa = PBXVariantGroup;
			children = (
				63F17B4A2046B41400538D2E /* Base */,
			);
			name = LaunchScreen.storyboard;
			sourceTree = "<group>";
		};
/* End PBXVariantGroup section */

/* Begin XCBuildConfiguration section */
		63125F9D2085F05D002CB768 /* Debug */ = {
			isa = XCBuildConfiguration;
			baseConfigurationReference = 36B91C1FE192C61CB3B9BF34 /* Pods-LitePay2Tests.debug.xcconfig */;
			buildSettings = {
				BUNDLE_LOADER = "$(TEST_HOST)";
				CLANG_ENABLE_MODULES = YES;
				CODE_SIGN_STYLE = Automatic;
				DEVELOPMENT_TEAM = QSK66EYT9M;
				INFOPLIST_FILE = LitePay2Tests/Info.plist;
				LD_RUNPATH_SEARCH_PATHS = "$(inherited) @executable_path/Frameworks @loader_path/Frameworks";
				PRODUCT_BUNDLE_IDENTIFIER = dmaenhout.LitePay2Tests;
				PRODUCT_NAME = "$(TARGET_NAME)";
				SWIFT_OPTIMIZATION_LEVEL = "-Onone";
				SWIFT_VERSION = 4.0;
				TARGETED_DEVICE_FAMILY = "1,2";
				TEST_HOST = "$(BUILT_PRODUCTS_DIR)/LitePay2.app/LitePay2";
			};
			name = Debug;
		};
		63125F9E2085F05D002CB768 /* Release */ = {
			isa = XCBuildConfiguration;
			baseConfigurationReference = F5B64800F5D01B4B85B1BF16 /* Pods-LitePay2Tests.release.xcconfig */;
			buildSettings = {
				BUNDLE_LOADER = "$(TEST_HOST)";
				CLANG_ENABLE_MODULES = YES;
				CODE_SIGN_STYLE = Automatic;
				DEVELOPMENT_TEAM = QSK66EYT9M;
				INFOPLIST_FILE = LitePay2Tests/Info.plist;
				LD_RUNPATH_SEARCH_PATHS = "$(inherited) @executable_path/Frameworks @loader_path/Frameworks";
				PRODUCT_BUNDLE_IDENTIFIER = dmaenhout.LitePay2Tests;
				PRODUCT_NAME = "$(TARGET_NAME)";
				SWIFT_VERSION = 4.0;
				TARGETED_DEVICE_FAMILY = "1,2";
				TEST_HOST = "$(BUILT_PRODUCTS_DIR)/LitePay2.app/LitePay2";
			};
			name = Release;
		};
		63F17B4D2046B41400538D2E /* Debug */ = {
			isa = XCBuildConfiguration;
			buildSettings = {
				ALWAYS_SEARCH_USER_PATHS = NO;
				CLANG_ANALYZER_NONNULL = YES;
				CLANG_ANALYZER_NUMBER_OBJECT_CONVERSION = YES_AGGRESSIVE;
				CLANG_CXX_LANGUAGE_STANDARD = "gnu++14";
				CLANG_CXX_LIBRARY = "libc++";
				CLANG_ENABLE_MODULES = YES;
				CLANG_ENABLE_OBJC_ARC = YES;
				CLANG_WARN_BLOCK_CAPTURE_AUTORELEASING = YES;
				CLANG_WARN_BOOL_CONVERSION = YES;
				CLANG_WARN_COMMA = YES;
				CLANG_WARN_CONSTANT_CONVERSION = YES;
				CLANG_WARN_DIRECT_OBJC_ISA_USAGE = YES_ERROR;
				CLANG_WARN_DOCUMENTATION_COMMENTS = YES;
				CLANG_WARN_EMPTY_BODY = YES;
				CLANG_WARN_ENUM_CONVERSION = YES;
				CLANG_WARN_INFINITE_RECURSION = YES;
				CLANG_WARN_INT_CONVERSION = YES;
				CLANG_WARN_NON_LITERAL_NULL_CONVERSION = YES;
				CLANG_WARN_OBJC_LITERAL_CONVERSION = YES;
				CLANG_WARN_OBJC_ROOT_CLASS = YES_ERROR;
				CLANG_WARN_RANGE_LOOP_ANALYSIS = YES;
				CLANG_WARN_STRICT_PROTOTYPES = YES;
				CLANG_WARN_SUSPICIOUS_MOVE = YES;
				CLANG_WARN_UNGUARDED_AVAILABILITY = YES_AGGRESSIVE;
				CLANG_WARN_UNREACHABLE_CODE = YES;
				CLANG_WARN__DUPLICATE_METHOD_MATCH = YES;
				CODE_SIGN_IDENTITY = "iPhone Developer";
				COPY_PHASE_STRIP = NO;
				DEBUG_INFORMATION_FORMAT = dwarf;
				ENABLE_STRICT_OBJC_MSGSEND = YES;
				ENABLE_TESTABILITY = YES;
				GCC_C_LANGUAGE_STANDARD = gnu11;
				GCC_DYNAMIC_NO_PIC = NO;
				GCC_NO_COMMON_BLOCKS = YES;
				GCC_OPTIMIZATION_LEVEL = 0;
				GCC_PREPROCESSOR_DEFINITIONS = (
					"DEBUG=1",
					"$(inherited)",
				);
				GCC_WARN_64_TO_32_BIT_CONVERSION = YES;
				GCC_WARN_ABOUT_RETURN_TYPE = YES_ERROR;
				GCC_WARN_UNDECLARED_SELECTOR = YES;
				GCC_WARN_UNINITIALIZED_AUTOS = YES_AGGRESSIVE;
				GCC_WARN_UNUSED_FUNCTION = YES;
				GCC_WARN_UNUSED_VARIABLE = YES;
				IPHONEOS_DEPLOYMENT_TARGET = 11.2;
				MTL_ENABLE_DEBUG_INFO = YES;
				ONLY_ACTIVE_ARCH = YES;
				SDKROOT = iphoneos;
				SWIFT_ACTIVE_COMPILATION_CONDITIONS = DEBUG;
				SWIFT_OPTIMIZATION_LEVEL = "-Onone";
			};
			name = Debug;
		};
		63F17B4E2046B41400538D2E /* Release */ = {
			isa = XCBuildConfiguration;
			buildSettings = {
				ALWAYS_SEARCH_USER_PATHS = NO;
				CLANG_ANALYZER_NONNULL = YES;
				CLANG_ANALYZER_NUMBER_OBJECT_CONVERSION = YES_AGGRESSIVE;
				CLANG_CXX_LANGUAGE_STANDARD = "gnu++14";
				CLANG_CXX_LIBRARY = "libc++";
				CLANG_ENABLE_MODULES = YES;
				CLANG_ENABLE_OBJC_ARC = YES;
				CLANG_WARN_BLOCK_CAPTURE_AUTORELEASING = YES;
				CLANG_WARN_BOOL_CONVERSION = YES;
				CLANG_WARN_COMMA = YES;
				CLANG_WARN_CONSTANT_CONVERSION = YES;
				CLANG_WARN_DIRECT_OBJC_ISA_USAGE = YES_ERROR;
				CLANG_WARN_DOCUMENTATION_COMMENTS = YES;
				CLANG_WARN_EMPTY_BODY = YES;
				CLANG_WARN_ENUM_CONVERSION = YES;
				CLANG_WARN_INFINITE_RECURSION = YES;
				CLANG_WARN_INT_CONVERSION = YES;
				CLANG_WARN_NON_LITERAL_NULL_CONVERSION = YES;
				CLANG_WARN_OBJC_LITERAL_CONVERSION = YES;
				CLANG_WARN_OBJC_ROOT_CLASS = YES_ERROR;
				CLANG_WARN_RANGE_LOOP_ANALYSIS = YES;
				CLANG_WARN_STRICT_PROTOTYPES = YES;
				CLANG_WARN_SUSPICIOUS_MOVE = YES;
				CLANG_WARN_UNGUARDED_AVAILABILITY = YES_AGGRESSIVE;
				CLANG_WARN_UNREACHABLE_CODE = YES;
				CLANG_WARN__DUPLICATE_METHOD_MATCH = YES;
				CODE_SIGN_IDENTITY = "iPhone Developer";
				COPY_PHASE_STRIP = NO;
				DEBUG_INFORMATION_FORMAT = "dwarf-with-dsym";
				ENABLE_NS_ASSERTIONS = NO;
				ENABLE_STRICT_OBJC_MSGSEND = YES;
				GCC_C_LANGUAGE_STANDARD = gnu11;
				GCC_NO_COMMON_BLOCKS = YES;
				GCC_WARN_64_TO_32_BIT_CONVERSION = YES;
				GCC_WARN_ABOUT_RETURN_TYPE = YES_ERROR;
				GCC_WARN_UNDECLARED_SELECTOR = YES;
				GCC_WARN_UNINITIALIZED_AUTOS = YES_AGGRESSIVE;
				GCC_WARN_UNUSED_FUNCTION = YES;
				GCC_WARN_UNUSED_VARIABLE = YES;
				IPHONEOS_DEPLOYMENT_TARGET = 11.2;
				MTL_ENABLE_DEBUG_INFO = NO;
				SDKROOT = iphoneos;
				SWIFT_OPTIMIZATION_LEVEL = "-Owholemodule";
				VALIDATE_PRODUCT = YES;
			};
			name = Release;
		};
		63F17B502046B41400538D2E /* Debug */ = {
			isa = XCBuildConfiguration;
			baseConfigurationReference = D270DE2929C893B65858B5F3 /* Pods-LitePay2.debug.xcconfig */;
			buildSettings = {
				ASSETCATALOG_COMPILER_APPICON_NAME = AppIcon;
				CODE_SIGN_STYLE = Automatic;
				DEVELOPMENT_TEAM = QSK66EYT9M;
				INFOPLIST_FILE = LitePay2/Info.plist;
				IPHONEOS_DEPLOYMENT_TARGET = 10.2;
				LD_RUNPATH_SEARCH_PATHS = "$(inherited) @executable_path/Frameworks";
				PRODUCT_BUNDLE_IDENTIFIER = dmaenhout.LitePay2;
				PRODUCT_NAME = "$(TARGET_NAME)";
				SWIFT_VERSION = 4.0;
				TARGETED_DEVICE_FAMILY = "1,2";
			};
			name = Debug;
		};
		63F17B512046B41400538D2E /* Release */ = {
			isa = XCBuildConfiguration;
			baseConfigurationReference = 3D688C7C2A8C913AC8461DF4 /* Pods-LitePay2.release.xcconfig */;
			buildSettings = {
				ASSETCATALOG_COMPILER_APPICON_NAME = AppIcon;
				CODE_SIGN_STYLE = Automatic;
				DEVELOPMENT_TEAM = QSK66EYT9M;
				INFOPLIST_FILE = LitePay2/Info.plist;
				IPHONEOS_DEPLOYMENT_TARGET = 10.2;
				LD_RUNPATH_SEARCH_PATHS = "$(inherited) @executable_path/Frameworks";
				PRODUCT_BUNDLE_IDENTIFIER = dmaenhout.LitePay2;
				PRODUCT_NAME = "$(TARGET_NAME)";
				SWIFT_VERSION = 4.0;
				TARGETED_DEVICE_FAMILY = "1,2";
			};
			name = Release;
		};
/* End XCBuildConfiguration section */

/* Begin XCConfigurationList section */
		63125F9C2085F05D002CB768 /* Build configuration list for PBXNativeTarget "LitePay2Tests" */ = {
			isa = XCConfigurationList;
			buildConfigurations = (
				63125F9D2085F05D002CB768 /* Debug */,
				63125F9E2085F05D002CB768 /* Release */,
			);
			defaultConfigurationIsVisible = 0;
			defaultConfigurationName = Release;
		};
		63F17B382046B41400538D2E /* Build configuration list for PBXProject "LitePay2" */ = {
			isa = XCConfigurationList;
			buildConfigurations = (
				63F17B4D2046B41400538D2E /* Debug */,
				63F17B4E2046B41400538D2E /* Release */,
			);
			defaultConfigurationIsVisible = 0;
			defaultConfigurationName = Release;
		};
		63F17B4F2046B41400538D2E /* Build configuration list for PBXNativeTarget "LitePay2" */ = {
			isa = XCConfigurationList;
			buildConfigurations = (
				63F17B502046B41400538D2E /* Debug */,
				63F17B512046B41400538D2E /* Release */,
			);
			defaultConfigurationIsVisible = 0;
			defaultConfigurationName = Release;
		};
/* End XCConfigurationList section */
	};
	rootObject = 63F17B352046B41400538D2E /* Project object */;
}
